Microsoft Visual Studio Solution File, Format Version 12.00
# Visual Studio 15
VisualStudioVersion = 15.0.28307.106
MinimumVisualStudioVersion = 10.0.40219.1
Project("{9A19103F-16F7-4668-BE54-9A1E7A4F7556}") = "HMI_6490_V13_0_00_OptxCom0", "HMI_6490_V13_0_00_OptxCom0.csproj", "{0761189C-E6E3-1AAA-A2D6-F2530A76472D}"
EndProject
Global
    GlobalSection(SolutionConfigurationPlatforms) = preSolution
        Debug|Any CPU = Debug|Any CPU
        Release|Any CPU = Release|Any CPU
    EndGlobalSection
    GlobalSection(ProjectConfigurationPlatforms) = postSolution
        {0761189C-E6E3-1AAA-A2D6-F2530A76472D}.Debug|Any CPU.ActiveCfg = Debug|Any CPU
        {0761189C-E6E3-1AAA-A2D6-F2530A76472D}.Debug|Any CPU.Build.0 = Debug|Any CPU
        {0761189C-E6E3-1AAA-A2D6-F2530A76472D}.Release|Any CPU.ActiveCfg = Release|Any CPU
        {0761189C-E6E3-1AAA-A2D6-F2530A76472D}.Release|Any CPU.Build.0 = Release|Any CPU
    EndGlobalSection
    GlobalSection(SolutionProperties) = preSolution
        HideSolutionNode = FALSE
    EndGlobalSection
EndGlobal
