Microsoft Visual Studio Solution File, Format Version 12.00
# Visual Studio 15
VisualStudioVersion = 15.0.28307.106
MinimumVisualStudioVersion = 10.0.40219.1
Project("{9A19103F-16F7-4668-BE54-9A1E7A4F7556}") = "HMI_6317_Opx_v1_4_Cav_1", "HMI_6317_Opx_v1_4_Cav_1.csproj", "{8C1D6B49-6CE4-96D0-1410-A57B76254C83}"
EndProject
Global
    GlobalSection(SolutionConfigurationPlatforms) = preSolution
        Debug|Any CPU = Debug|Any CPU
        Release|Any CPU = Release|Any CPU
    EndGlobalSection
    GlobalSection(ProjectConfigurationPlatforms) = postSolution
        {8C1D6B49-6CE4-96D0-1410-A57B76254C83}.Debug|Any CPU.ActiveCfg = Debug|Any CPU
        {8C1D6B49-6CE4-96D0-1410-A57B76254C83}.Debug|Any CPU.Build.0 = Debug|Any CPU
        {8C1D6B49-6CE4-96D0-1410-A57B76254C83}.Release|Any CPU.ActiveCfg = Release|Any CPU
        {8C1D6B49-6CE4-96D0-1410-A57B76254C83}.Release|Any CPU.Build.0 = Release|Any CPU
    EndGlobalSection
    GlobalSection(SolutionProperties) = preSolution
        HideSolutionNode = FALSE
    EndGlobalSection
EndGlobal
